
Microsoft Visual Studio Solution File, Format Version 12.00
# Visual Studio 14
VisualStudioVersion = 14.0.25420.1
MinimumVisualStudioVersion = 10.0.40219.1
Project("{FAE04EC0-301F-11D3-BF4B-00C04F79EFBC}") = "UI", "UI\UI.csproj", "{0DAC8324-ABB5-4B20-8607-1FFA4D7A1AEA}"
EndProject
Project("{FAE04EC0-301F-11D3-BF4B-00C04F79EFBC}") = "Models", "Models\Models.csproj", "{6A74C252-B8ED-46A2-A140-1D7D86F848E5}"
EndProject
Project("{FAE04EC0-301F-11D3-BF4B-00C04F79EFBC}") = "ViewModels", "ViewModels\ViewModels.csproj", "{5FB0FDB8-CDF3-4019-9697-29981BCDF167}"
EndProject
Project("{FAE04EC0-301F-11D3-BF4B-00C04F79EFBC}") = "DAL", "Dal\DAL.csproj", "{F3F818BF-3881-4F0F-9288-DE1F5ADD8D11}"
EndProject
Project("{2150E333-8FDC-42A3-9474-1A3956D46DE8}") = "Solution Items", "Solution Items", "{63A9CF85-2F88-4C95-9377-6C8E18A5E982}"
	ProjectSection(SolutionItems) = preProject
		Todo-List.txt = Todo-List.txt
	EndProjectSection
EndProject
Project("{FAE04EC0-301F-11D3-BF4B-00C04F79EFBC}") = "Networking", "Networking\Networking.csproj", "{3C70044C-E5BF-43B0-9BBE-FA9753E454E9}"
EndProject
Project("{FAE04EC0-301F-11D3-BF4B-00C04F79EFBC}") = "TestMamanetClient", "TestMamanetClient\TestMamanetClient.csproj", "{E8464CDB-7618-4F3E-85F7-6A60FB926228}"
EndProject
Global
	GlobalSection(SolutionConfigurationPlatforms) = preSolution
		Debug|Any CPU = Debug|Any CPU
		Debug|x64 = Debug|x64
		Debug|x86 = Debug|x86
		Release|Any CPU = Release|Any CPU
		Release|x64 = Release|x64
		Release|x86 = Release|x86
	EndGlobalSection
	GlobalSection(ProjectConfigurationPlatforms) = postSolution
		{0DAC8324-ABB5-4B20-8607-1FFA4D7A1AEA}.Debug|Any CPU.ActiveCfg = Debug|Any CPU
		{0DAC8324-ABB5-4B20-8607-1FFA4D7A1AEA}.Debug|Any CPU.Build.0 = Debug|Any CPU
		{0DAC8324-ABB5-4B20-8607-1FFA4D7A1AEA}.Debug|x64.ActiveCfg = Debug|x64
		{0DAC8324-ABB5-4B20-8607-1FFA4D7A1AEA}.Debug|x64.Build.0 = Debug|x64
		{0DAC8324-ABB5-4B20-8607-1FFA4D7A1AEA}.Debug|x86.ActiveCfg = Debug|x86
		{0DAC8324-ABB5-4B20-8607-1FFA4D7A1AEA}.Debug|x86.Build.0 = Debug|x86
		{0DAC8324-ABB5-4B20-8607-1FFA4D7A1AEA}.Release|Any CPU.ActiveCfg = Release|Any CPU
		{0DAC8324-ABB5-4B20-8607-1FFA4D7A1AEA}.Release|Any CPU.Build.0 = Release|Any CPU
		{0DAC8324-ABB5-4B20-8607-1FFA4D7A1AEA}.Release|x64.ActiveCfg = Release|x64
		{0DAC8324-ABB5-4B20-8607-1FFA4D7A1AEA}.Release|x64.Build.0 = Release|x64
		{0DAC8324-ABB5-4B20-8607-1FFA4D7A1AEA}.Release|x86.ActiveCfg = Release|x86
		{0DAC8324-ABB5-4B20-8607-1FFA4D7A1AEA}.Release|x86.Build.0 = Release|x86
		{6A74C252-B8ED-46A2-A140-1D7D86F848E5}.Debug|Any CPU.ActiveCfg = Debug|Any CPU
		{6A74C252-B8ED-46A2-A140-1D7D86F848E5}.Debug|Any CPU.Build.0 = Debug|Any CPU
		{6A74C252-B8ED-46A2-A140-1D7D86F848E5}.Debug|x64.ActiveCfg = Debug|x64
		{6A74C252-B8ED-46A2-A140-1D7D86F848E5}.Debug|x64.Build.0 = Debug|x64
		{6A74C252-B8ED-46A2-A140-1D7D86F848E5}.Debug|x86.ActiveCfg = Debug|x86
		{6A74C252-B8ED-46A2-A140-1D7D86F848E5}.Debug|x86.Build.0 = Debug|x86
		{6A74C252-B8ED-46A2-A140-1D7D86F848E5}.Release|Any CPU.ActiveCfg = Release|Any CPU
		{6A74C252-B8ED-46A2-A140-1D7D86F848E5}.Release|Any CPU.Build.0 = Release|Any CPU
		{6A74C252-B8ED-46A2-A140-1D7D86F848E5}.Release|x64.ActiveCfg = Release|x64
		{6A74C252-B8ED-46A2-A140-1D7D86F848E5}.Release|x64.Build.0 = Release|x64
		{6A74C252-B8ED-46A2-A140-1D7D86F848E5}.Release|x86.ActiveCfg = Release|x86
		{6A74C252-B8ED-46A2-A140-1D7D86F848E5}.Release|x86.Build.0 = Release|x86
		{5FB0FDB8-CDF3-4019-9697-29981BCDF167}.Debug|Any CPU.ActiveCfg = Debug|Any CPU
		{5FB0FDB8-CDF3-4019-9697-29981BCDF167}.Debug|Any CPU.Build.0 = Debug|Any CPU
		{5FB0FDB8-CDF3-4019-9697-29981BCDF167}.Debug|x64.ActiveCfg = Debug|x64
		{5FB0FDB8-CDF3-4019-9697-29981BCDF167}.Debug|x64.Build.0 = Debug|x64
		{5FB0FDB8-CDF3-4019-9697-29981BCDF167}.Debug|x86.ActiveCfg = Debug|x86
		{5FB0FDB8-CDF3-4019-9697-29981BCDF167}.Debug|x86.Build.0 = Debug|x86
		{5FB0FDB8-CDF3-4019-9697-29981BCDF167}.Release|Any CPU.ActiveCfg = Release|Any CPU
		{5FB0FDB8-CDF3-4019-9697-29981BCDF167}.Release|Any CPU.Build.0 = Release|Any CPU
		{5FB0FDB8-CDF3-4019-9697-29981BCDF167}.Release|x64.ActiveCfg = Release|x64
		{5FB0FDB8-CDF3-4019-9697-29981BCDF167}.Release|x64.Build.0 = Release|x64
		{5FB0FDB8-CDF3-4019-9697-29981BCDF167}.Release|x86.ActiveCfg = Release|x86
		{5FB0FDB8-CDF3-4019-9697-29981BCDF167}.Release|x86.Build.0 = Release|x86
		{F3F818BF-3881-4F0F-9288-DE1F5ADD8D11}.Debug|Any CPU.ActiveCfg = Debug|Any CPU
		{F3F818BF-3881-4F0F-9288-DE1F5ADD8D11}.Debug|Any CPU.Build.0 = Debug|Any CPU
		{F3F818BF-3881-4F0F-9288-DE1F5ADD8D11}.Debug|x64.ActiveCfg = Debug|x64
		{F3F818BF-3881-4F0F-9288-DE1F5ADD8D11}.Debug|x64.Build.0 = Debug|x64
		{F3F818BF-3881-4F0F-9288-DE1F5ADD8D11}.Debug|x86.ActiveCfg = Debug|x86
		{F3F818BF-3881-4F0F-9288-DE1F5ADD8D11}.Debug|x86.Build.0 = Debug|x86
		{F3F818BF-3881-4F0F-9288-DE1F5ADD8D11}.Release|Any CPU.ActiveCfg = Release|Any CPU
		{F3F818BF-3881-4F0F-9288-DE1F5ADD8D11}.Release|Any CPU.Build.0 = Release|Any CPU
		{F3F818BF-3881-4F0F-9288-DE1F5ADD8D11}.Release|x64.ActiveCfg = Release|x64
		{F3F818BF-3881-4F0F-9288-DE1F5ADD8D11}.Release|x64.Build.0 = Release|x64
		{F3F818BF-3881-4F0F-9288-DE1F5ADD8D11}.Release|x86.ActiveCfg = Release|x86
		{F3F818BF-3881-4F0F-9288-DE1F5ADD8D11}.Release|x86.Build.0 = Release|x86
		{3C70044C-E5BF-43B0-9BBE-FA9753E454E9}.Debug|Any CPU.ActiveCfg = Debug|Any CPU
		{3C70044C-E5BF-43B0-9BBE-FA9753E454E9}.Debug|Any CPU.Build.0 = Debug|Any CPU
		{3C70044C-E5BF-43B0-9BBE-FA9753E454E9}.Debug|x64.ActiveCfg = Debug|Any CPU
		{3C70044C-E5BF-43B0-9BBE-FA9753E454E9}.Debug|x64.Build.0 = Debug|Any CPU
		{3C70044C-E5BF-43B0-9BBE-FA9753E454E9}.Debug|x86.ActiveCfg = Debug|Any CPU
		{3C70044C-E5BF-43B0-9BBE-FA9753E454E9}.Debug|x86.Build.0 = Debug|Any CPU
		{3C70044C-E5BF-43B0-9BBE-FA9753E454E9}.Release|Any CPU.ActiveCfg = Release|Any CPU
		{3C70044C-E5BF-43B0-9BBE-FA9753E454E9}.Release|Any CPU.Build.0 = Release|Any CPU
		{3C70044C-E5BF-43B0-9BBE-FA9753E454E9}.Release|x64.ActiveCfg = Release|Any CPU
		{3C70044C-E5BF-43B0-9BBE-FA9753E454E9}.Release|x64.Build.0 = Release|Any CPU
		{3C70044C-E5BF-43B0-9BBE-FA9753E454E9}.Release|x86.ActiveCfg = Release|Any CPU
		{3C70044C-E5BF-43B0-9BBE-FA9753E454E9}.Release|x86.Build.0 = Release|Any CPU
		{E8464CDB-7618-4F3E-85F7-6A60FB926228}.Debug|Any CPU.ActiveCfg = Debug|Any CPU
		{E8464CDB-7618-4F3E-85F7-6A60FB926228}.Debug|Any CPU.Build.0 = Debug|Any CPU
		{E8464CDB-7618-4F3E-85F7-6A60FB926228}.Debug|x64.ActiveCfg = Debug|Any CPU
		{E8464CDB-7618-4F3E-85F7-6A60FB926228}.Debug|x64.Build.0 = Debug|Any CPU
		{E8464CDB-7618-4F3E-85F7-6A60FB926228}.Debug|x86.ActiveCfg = Debug|Any CPU
		{E8464CDB-7618-4F3E-85F7-6A60FB926228}.Debug|x86.Build.0 = Debug|Any CPU
		{E8464CDB-7618-4F3E-85F7-6A60FB926228}.Release|Any CPU.ActiveCfg = Release|Any CPU
		{E8464CDB-7618-4F3E-85F7-6A60FB926228}.Release|Any CPU.Build.0 = Release|Any CPU
		{E8464CDB-7618-4F3E-85F7-6A60FB926228}.Release|x64.ActiveCfg = Release|Any CPU
		{E8464CDB-7618-4F3E-85F7-6A60FB926228}.Release|x64.Build.0 = Release|Any CPU
		{E8464CDB-7618-4F3E-85F7-6A60FB926228}.Release|x86.ActiveCfg = Release|Any CPU
		{E8464CDB-7618-4F3E-85F7-6A60FB926228}.Release|x86.Build.0 = Release|Any CPU
	EndGlobalSection
	GlobalSection(SolutionProperties) = preSolution
		HideSolutionNode = FALSE
	EndGlobalSection
EndGlobal
